
Microsoft Visual Studio Solution File, Format Version 12.00
# Visual Studio Version 17
VisualStudioVersion = 17.12.35527.113
MinimumVisualStudioVersion = 10.0.40219.1
Project("{8BC9CEB8-8B4A-11D0-8D11-00A0C91BC942}") = "Server", "Lab1\Lab1.vcxproj", "{6DAEEDA2-9533-4B19-BCFD-C7B7C9B4EB79}"
EndProject
Project("{8BC9CEB8-8B4A-11D0-8D11-00A0C91BC942}") = "Client", "Client\Client.vcxproj", "{F4131DB7-4A85-4707-84FE-FDFF26C02EDF}"
EndProject
Global
	GlobalSection(SolutionConfigurationPlatforms) = preSolution
		Debug|x64 = Debug|x64
		Debug|x86 = Debug|x86
		Release|x64 = Release|x64
		Release|x86 = Release|x86
	EndGlobalSection
	GlobalSection(ProjectConfigurationPlatforms) = postSolution
		{6DAEEDA2-9533-4B19-BCFD-C7B7C9B4EB79}.Debug|x64.ActiveCfg = Debug|x64
		{6DAEEDA2-9533-4B19-BCFD-C7B7C9B4EB79}.Debug|x64.Build.0 = Debug|x64
		{6DAEEDA2-9533-4B19-BCFD-C7B7C9B4EB79}.Debug|x86.ActiveCfg = Debug|Win32
		{6DAEEDA2-9533-4B19-BCFD-C7B7C9B4EB79}.Debug|x86.Build.0 = Debug|Win32
		{6DAEEDA2-9533-4B19-BCFD-C7B7C9B4EB79}.Release|x64.ActiveCfg = Release|x64
		{6DAEEDA2-9533-4B19-BCFD-C7B7C9B4EB79}.Release|x64.Build.0 = Release|x64
		{6DAEEDA2-9533-4B19-BCFD-C7B7C9B4EB79}.Release|x86.ActiveCfg = Release|Win32
		{6DAEEDA2-9533-4B19-BCFD-C7B7C9B4EB79}.Release|x86.Build.0 = Release|Win32
		{F4131DB7-4A85-4707-84FE-FDFF26C02EDF}.Debug|x64.ActiveCfg = Debug|x64
		{F4131DB7-4A85-4707-84FE-FDFF26C02EDF}.Debug|x64.Build.0 = Debug|x64
		{F4131DB7-4A85-4707-84FE-FDFF26C02EDF}.Debug|x86.ActiveCfg = Debug|Win32
		{F4131DB7-4A85-4707-84FE-FDFF26C02EDF}.Debug|x86.Build.0 = Debug|Win32
		{F4131DB7-4A85-4707-84FE-FDFF26C02EDF}.Release|x64.ActiveCfg = Release|x64
		{F4131DB7-4A85-4707-84FE-FDFF26C02EDF}.Release|x64.Build.0 = Release|x64
		{F4131DB7-4A85-4707-84FE-FDFF26C02EDF}.Release|x86.ActiveCfg = Release|Win32
		{F4131DB7-4A85-4707-84FE-FDFF26C02EDF}.Release|x86.Build.0 = Release|Win32
	EndGlobalSection
	GlobalSection(SolutionProperties) = preSolution
		HideSolutionNode = FALSE
	EndGlobalSection
EndGlobal
